
Microsoft Visual Studio Solution File, Format Version 12.00
# Visual Studio Version 16
VisualStudioVersion = 16.0.30717.126
MinimumVisualStudioVersion = 10.0.40219.1
Project("{9A19103F-16F7-4668-BE54-9A1E7A4F7556}") = "Blake3", "Blake3\Blake3.csproj", "{1D45FA05-24C1-4142-9B1F-943DE5E70FEF}"
EndProject
Project("{9A19103F-16F7-4668-BE54-9A1E7A4F7556}") = "Blake3.Tests", "Blake3.Tests\Blake3.Tests.csproj", "{07CA4AD6-5EA4-4667-8FF8-3FB22DF68B6D}"
EndProject
Project("{9A19103F-16F7-4668-BE54-9A1E7A4F7556}") = "Blake3.Benchmarks", "Blake3.Benchmarks\Blake3.Benchmarks.csproj", "{16ABF9A1-F115-4B0B-92BA-5E7D804F2F38}"
EndProject
Project("{2150E333-8FDC-42A3-9474-1A3956D46DE8}") = "Solution Items", "Solution Items", "{D7FB428D-F9F9-46A0-807E-60C75C176F98}"
	ProjectSection(SolutionItems) = preProject
		..\changelog.md = ..\changelog.md
		..\license.txt = ..\license.txt
		..\.github\workflows\managed.yml = ..\.github\workflows\managed.yml
		..\.github\workflows\native.yml = ..\.github\workflows\native.yml
		..\readme.md = ..\readme.md
	EndProjectSection
EndProject
Global
	GlobalSection(SolutionConfigurationPlatforms) = preSolution
		Debug|Any CPU = Debug|Any CPU
		Release|Any CPU = Release|Any CPU
	EndGlobalSection
	GlobalSection(ProjectConfigurationPlatforms) = postSolution
		{1D45FA05-24C1-4142-9B1F-943DE5E70FEF}.Debug|Any CPU.ActiveCfg = Debug|Any CPU
		{1D45FA05-24C1-4142-9B1F-943DE5E70FEF}.Debug|Any CPU.Build.0 = Debug|Any CPU
		{1D45FA05-24C1-4142-9B1F-943DE5E70FEF}.Release|Any CPU.ActiveCfg = Release|Any CPU
		{1D45FA05-24C1-4142-9B1F-943DE5E70FEF}.Release|Any CPU.Build.0 = Release|Any CPU
		{07CA4AD6-5EA4-4667-8FF8-3FB22DF68B6D}.Debug|Any CPU.ActiveCfg = Debug|Any CPU
		{07CA4AD6-5EA4-4667-8FF8-3FB22DF68B6D}.Debug|Any CPU.Build.0 = Debug|Any CPU
		{07CA4AD6-5EA4-4667-8FF8-3FB22DF68B6D}.Release|Any CPU.ActiveCfg = Release|Any CPU
		{07CA4AD6-5EA4-4667-8FF8-3FB22DF68B6D}.Release|Any CPU.Build.0 = Release|Any CPU
		{16ABF9A1-F115-4B0B-92BA-5E7D804F2F38}.Debug|Any CPU.ActiveCfg = Debug|Any CPU
		{16ABF9A1-F115-4B0B-92BA-5E7D804F2F38}.Debug|Any CPU.Build.0 = Debug|Any CPU
		{16ABF9A1-F115-4B0B-92BA-5E7D804F2F38}.Release|Any CPU.ActiveCfg = Release|Any CPU
		{16ABF9A1-F115-4B0B-92BA-5E7D804F2F38}.Release|Any CPU.Build.0 = Release|Any CPU
	EndGlobalSection
	GlobalSection(SolutionProperties) = preSolution
		HideSolutionNode = FALSE
	EndGlobalSection
	GlobalSection(ExtensibilityGlobals) = postSolution
		SolutionGuid = {DFCD2CFC-BBF6-49E7-B11F-0548562BA1C1}
	EndGlobalSection
EndGlobal
